// !$*UTF8*$!
{
	archiveVersion = 1;
	classes = {
	};
	objectVersion = 46;
	objects = {

/* Begin PBXBuildFile section */
		034B68001CF8185E00A4CD0A /* AppDelegate.swift in Sources */ = {isa = PBXBuildFile; fileRef = 034B67FF1CF8185E00A4CD0A /* AppDelegate.swift */; };
		034B68021CF8185E00A4CD0A /* ViewController.swift in Sources */ = {isa = PBXBuildFile; fileRef = 034B68011CF8185E00A4CD0A /* ViewController.swift */; };
		034B68051CF8185E00A4CD0A /* Main.storyboard in Resources */ = {isa = PBXBuildFile; fileRef = 034B68031CF8185E00A4CD0A /* Main.storyboard */; };
		034B68071CF8185E00A4CD0A /* Assets.xcassets in Resources */ = {isa = PBXBuildFile; fileRef = 034B68061CF8185E00A4CD0A /* Assets.xcassets */; };
		034B680A1CF8185E00A4CD0A /* LaunchScreen.storyboard in Resources */ = {isa = PBXBuildFile; fileRef = 034B68081CF8185E00A4CD0A /* LaunchScreen.storyboard */; };
		034B68121CF8229F00A4CD0A /* ImageViewController.swift in Sources */ = {isa = PBXBuildFile; fileRef = 034B68111CF8229F00A4CD0A /* ImageViewController.swift */; };
		034B68141CF8515100A4CD0A /* scrollViewController.swift in Sources */ = {isa = PBXBuildFile; fileRef = 034B68131CF8515100A4CD0A /* scrollViewController.swift */; };
/* End PBXBuildFile section */

/* Begin PBXFileReference section */
		034B67FC1CF8185E00A4CD0A /* alphaCamp.app */ = {isa = PBXFileReference; explicitFileType = wrapper.application; includeInIndex = 0; path = alphaCamp.app; sourceTree = BUILT_PRODUCTS_DIR; };
		034B67FF1CF8185E00A4CD0A /* AppDelegate.swift */ = {isa = PBXFileReference; lastKnownFileType = sourcecode.swift; path = AppDelegate.swift; sourceTree = "<group>"; };
		034B68011CF8185E00A4CD0A /* ViewController.swift */ = {isa = PBXFileReference; lastKnownFileType = sourcecode.swift; path = ViewController.swift; sourceTree = "<group>"; };
		034B68041CF8185E00A4CD0A /* Base */ = {isa = PBXFileReference; lastKnownFileType = file.storyboard; name = Base; path = Base.lproj/Main.storyboard; sourceTree = "<group>"; };
		034B68061CF8185E00A4CD0A /* Assets.xcassets */ = {isa = PBXFileReference; lastKnownFileType = folder.assetcatalog; path = Assets.xcassets; sourceTree = "<group>"; };
		034B68091CF8185E00A4CD0A /* Base */ = {isa = PBXFileReference; lastKnownFileType = file.storyboard; name = Base; path = Base.lproj/LaunchScreen.storyboard; sourceTree = "<group>"; };
		034B680B1CF8185E00A4CD0A /* Info.plist */ = {isa = PBXFileReference; lastKnownFileType = text.plist.xml; path = Info.plist; sourceTree = "<group>"; };
		034B68111CF8229F00A4CD0A /* ImageViewController.swift */ = {isa = PBXFileReference; fileEncoding = 4; lastKnownFileType = sourcecode.swift; path = ImageViewController.swift; sourceTree = "<group>"; };
		034B68131CF8515100A4CD0A /* scrollViewController.swift */ = {isa = PBXFileReference; fileEncoding = 4; lastKnownFileType = sourcecode.swift; path = scrollViewController.swift; sourceTree = "<group>"; };
/* End PBXFileReference section */

/* Begin PBXFrameworksBuildPhase section */
		034B67F91CF8185E00A4CD0A /* Frameworks */ = {
			isa = PBXFrameworksBuildPhase;
			buildActionMask = 2147483647;
			files = (
			);
			runOnlyForDeploymentPostprocessing = 0;
		};
/* End PBXFrameworksBuildPhase section */

/* Begin PBXGroup section */
		034B67F31CF8185E00A4CD0A = {
			isa = PBXGroup;
			children = (
				034B67FE1CF8185E00A4CD0A /* alphaCamp */,
				034B67FD1CF8185E00A4CD0A /* Products */,
			);
			sourceTree = "<group>";
		};
		034B67FD1CF8185E00A4CD0A /* Products */ = {
			isa = PBXGroup;
			children = (
				034B67FC1CF8185E00A4CD0A /* alphaCamp.app */,
			);
			name = Products;
			sourceTree = "<group>";
		};
		034B67FE1CF8185E00A4CD0A /* alphaCamp */ = {
			isa = PBXGroup;
			children = (
				034B67FF1CF8185E00A4CD0A /* AppDelegate.swift */,
				034B68011CF8185E00A4CD0A /* ViewController.swift */,
				034B68031CF8185E00A4CD0A /* Main.storyboard */,
				034B68061CF8185E00A4CD0A /* Assets.xcassets */,
				034B68081CF8185E00A4CD0A /* LaunchScreen.storyboard */,
				034B680B1CF8185E00A4CD0A /* Info.plist */,
				034B68111CF8229F00A4CD0A /* ImageViewController.swift */,
				034B68131CF8515100A4CD0A /* scrollViewController.swift */,
			);
			path = alphaCamp;
			sourceTree = "<group>";
		};
/* End PBXGroup section */

/* Begin PBXNativeTarget section */
		034B67FB1CF8185E00A4CD0A /* alphaCamp */ = {
			isa = PBXNativeTarget;
			buildConfigurationList = 034B680E1CF8185E00A4CD0A /* Build configuration list for PBXNativeTarget "alphaCamp" */;
			buildPhases = (
				034B67F81CF8185E00A4CD0A /* Sources */,
				034B67F91CF8185E00A4CD0A /* Frameworks */,
				034B67FA1CF8185E00A4CD0A /* Resources */,
			);
			buildRules = (
			);
			dependencies = (
			);
			name = alphaCamp;
			productName = alphaCamp;
			productReference = 034B67FC1CF8185E00A4CD0A /* alphaCamp.app */;
			productType = "com.apple.product-type.application";
		};
/* End PBXNativeTarget section */

/* Begin PBXProject section */
		034B67F41CF8185E00A4CD0A /* Project object */ = {
			isa = PBXProject;
			attributes = {
				LastSwiftUpdateCheck = 0730;
				LastUpgradeCheck = 0730;
				ORGANIZATIONNAME = "蔡舜珵";
				TargetAttributes = {
					034B67FB1CF8185E00A4CD0A = {
						CreatedOnToolsVersion = 7.3.1;
						DevelopmentTeam = WS83J7MJTB;
					};
				};
			};
			buildConfigurationList = 034B67F71CF8185E00A4CD0A /* Build configuration list for PBXProject "alphaCamp" */;
			compatibilityVersion = "Xcode 3.2";
			developmentRegion = English;
			hasScannedForEncodings = 0;
			knownRegions = (
				en,
				Base,
			);
			mainGroup = 034B67F31CF8185E00A4CD0A;
			productRefGroup = 034B67FD1CF8185E00A4CD0A /* Products */;
			projectDirPath = "";
			projectRoot = "";
			targets = (
				034B67FB1CF8185E00A4CD0A /* alphaCamp */,
			);
		};
/* End PBXProject section */

/* Begin PBXResourcesBuildPhase section */
		034B67FA1CF8185E00A4CD0A /* Resources */ = {
			isa = PBXResourcesBuildPhase;
			buildActionMask = 2147483647;
			files = (
				034B680A1CF8185E00A4CD0A /* LaunchScreen.storyboard in Resources */,
				034B68071CF8185E00A4CD0A /* Assets.xcassets in Resources */,
				034B68051CF8185E00A4CD0A /* Main.storyboard in Resources */,
			);
			runOnlyForDeploymentPostprocessing = 0;
		};
/* End PBXResourcesBuildPhase section */

/* Begin PBXSourcesBuildPhase section */
		034B67F81CF8185E00A4CD0A /* Sources */ = {
			isa = PBXSourcesBuildPhase;
			buildActionMask = 2147483647;
			files = (
				034B68021CF8185E00A4CD0A /* ViewController.swift in Sources */,
				034B68121CF8229F00A4CD0A /* ImageViewController.swift in Sources */,
				034B68001CF8185E00A4CD0A /* AppDelegate.swift in Sources */,
				034B68141CF8515100A4CD0A /* scrollViewController.swift in Sources */,
			);
			runOnlyForDeploymentPostprocessing = 0;
		};
/* End PBXSourcesBuildPhase section */

/* Begin PBXVariantGroup section */
		034B68031CF8185E00A4CD0A /* Main.storyboard */ = {
			isa = PBXVariantGroup;
			children = (
				034B68041CF8185E00A4CD0A /* Base */,
			);
			name = Main.storyboard;
			sourceTree = "<group>";
		};
		034B68081CF8185E00A4CD0A /* LaunchScreen.storyboard */ = {
			isa = PBXVariantGroup;
			children = (
				034B68091CF8185E00A4CD0A /* Base */,
			);
			name = LaunchScreen.storyboard;
			sourceTree = "<group>";
		};
/* End PBXVariantGroup section */

/* Begin XCBuildConfiguration section */
		034B680C1CF8185E00A4CD0A /* Debug */ = {
			isa = XCBuildConfiguration;
			buildSettings = {
				ALWAYS_SEARCH_USER_PATHS = NO;
				CLANG_ANALYZER_NONNULL = YES;
				CLANG_CXX_LANGUAGE_STANDARD = "gnu++0x";
				CLANG_CXX_LIBRARY = "libc++";
				CLANG_ENABLE_MODULES = YES;
				CLANG_ENABLE_OBJC_ARC = YES;
				CLANG_WARN_BOOL_CONVERSION = YES;
				CLANG_WARN_CONSTANT_CONVERSION = YES;
				CLANG_WARN_DIRECT_OBJC_ISA_USAGE = YES_ERROR;
				CLANG_WARN_EMPTY_BODY = YES;
				CLANG_WARN_ENUM_CONVERSION = YES;
				CLANG_WARN_INT_CONVERSION = YES;
				CLANG_WARN_OBJC_ROOT_CLASS = YES_ERROR;
				CLANG_WARN_UNREACHABLE_CODE = YES;
				CLANG_WARN__DUPLICATE_METHOD_MATCH = YES;
				"CODE_SIGN_IDENTITY[sdk=iphoneos*]" = "iPhone Developer";
				COPY_PHASE_STRIP = NO;
				DEBUG_INFORMATION_FORMAT = dwarf;
				ENABLE_STRICT_OBJC_MSGSEND = YES;
				ENABLE_TESTABILITY = YES;
				GCC_C_LANGUAGE_STANDARD = gnu99;
				GCC_DYNAMIC_NO_PIC = NO;
				GCC_NO_COMMON_BLOCKS = YES;
				GCC_OPTIMIZATION_LEVEL = 0;
				GCC_PREPROCESSOR_DEFINITIONS = (
					"DEBUG=1",
					"$(inherited)",
				);
				GCC_WARN_64_TO_32_BIT_CONVERSION = YES;
				GCC_WARN_ABOUT_RETURN_TYPE = YES_ERROR;
				GCC_WARN_UNDECLARED_SELECTOR = YES;
				GCC_WARN_UNINITIALIZED_AUTOS = YES_AGGRESSIVE;
				GCC_WARN_UNUSED_FUNCTION = YES;
				GCC_WARN_UNUSED_VARIABLE = YES;
				IPHONEOS_DEPLOYMENT_TARGET = 9.3;
				MTL_ENABLE_DEBUG_INFO = YES;
				ONLY_ACTIVE_ARCH = YES;
				SDKROOT = iphoneos;
				SWIFT_OPTIMIZATION_LEVEL = "-Onone";
				TARGETED_DEVICE_FAMILY = "1,2";
			};
			name = Debug;
		};
		034B680D1CF8185E00A4CD0A /* Release */ = {
			isa = XCBuildConfiguration;
			buildSettings = {
				ALWAYS_SEARCH_USER_PATHS = NO;
				CLANG_ANALYZER_NONNULL = YES;
				CLANG_CXX_LANGUAGE_STANDARD = "gnu++0x";
				CLANG_CXX_LIBRARY = "libc++";
				CLANG_ENABLE_MODULES = YES;
				CLANG_ENABLE_OBJC_ARC = YES;
				CLANG_WARN_BOOL_CONVERSION = YES;
				CLANG_WARN_CONSTANT_CONVERSION = YES;
				CLANG_WARN_DIRECT_OBJC_ISA_USAGE = YES_ERROR;
				CLANG_WARN_EMPTY_BODY = YES;
				CLANG_WARN_ENUM_CONVERSION = YES;
				CLANG_WARN_INT_CONVERSION = YES;
				CLANG_WARN_OBJC_ROOT_CLASS = YES_ERROR;
				CLANG_WARN_UNREACHABLE_CODE = YES;
				CLANG_WARN__DUPLICATE_METHOD_MATCH = YES;
				"CODE_SIGN_IDENTITY[sdk=iphoneos*]" = "iPhone Developer";
				COPY_PHASE_STRIP = NO;
				DEBUG_INFORMATION_FORMAT = "dwarf-with-dsym";
				ENABLE_NS_ASSERTIONS = NO;
				ENABLE_STRICT_OBJC_MSGSEND = YES;
				GCC_C_LANGUAGE_STANDARD = gnu99;
				GCC_NO_COMMON_BLOCKS = YES;
				GCC_WARN_64_TO_32_BIT_CONVERSION = YES;
				GCC_WARN_ABOUT_RETURN_TYPE = YES_ERROR;
				GCC_WARN_UNDECLARED_SELECTOR = YES;
				GCC_WARN_UNINITIALIZED_AUTOS = YES_AGGRESSIVE;
				GCC_WARN_UNUSED_FUNCTION = YES;
				GCC_WARN_UNUSED_VARIABLE = YES;
				IPHONEOS_DEPLOYMENT_TARGET = 9.3;
				MTL_ENABLE_DEBUG_INFO = NO;
				SDKROOT = iphoneos;
				TARGETED_DEVICE_FAMILY = "1,2";
				VALIDATE_PRODUCT = YES;
			};
			name = Release;
		};
		034B680F1CF8185E00A4CD0A /* Debug */ = {
			isa = XCBuildConfiguration;
			buildSettings = {
				ASSETCATALOG_COMPILER_APPICON_NAME = AppIcon;
				CODE_SIGN_IDENTITY = "iPhone Developer";
				"CODE_SIGN_IDENTITY[sdk=iphoneos*]" = "iPhone Developer";
				INFOPLIST_FILE = alphaCamp/Info.plist;
				LD_RUNPATH_SEARCH_PATHS = "$(inherited) @executable_path/Frameworks";
				PRODUCT_BUNDLE_IDENTIFIER = edu.self.alphaCamp;
				PRODUCT_NAME = "$(TARGET_NAME)";
				PROVISIONING_PROFILE = "";
			};
			name = Debug;
		};
		034B68101CF8185E00A4CD0A /* Release */ = {
			isa = XCBuildConfiguration;
			buildSettings = {
				ASSETCATALOG_COMPILER_APPICON_NAME = AppIcon;
				CODE_SIGN_IDENTITY = "iPhone Developer";
				"CODE_SIGN_IDENTITY[sdk=iphoneos*]" = "iPhone Developer";
				INFOPLIST_FILE = alphaCamp/Info.plist;
				LD_RUNPATH_SEARCH_PATHS = "$(inherited) @executable_path/Frameworks";
				PRODUCT_BUNDLE_IDENTIFIER = edu.self.alphaCamp;
				PRODUCT_NAME = "$(TARGET_NAME)";
				PROVISIONING_PROFILE = "";
			};
			name = Release;
		};
/* End XCBuildConfiguration section */

/* Begin XCConfigurationList section */
		034B67F71CF8185E00A4CD0A /* Build configuration list for PBXProject "alphaCamp" */ = {
			isa = XCConfigurationList;
			buildConfigurations = (
				034B680C1CF8185E00A4CD0A /* Debug */,
				034B680D1CF8185E00A4CD0A /* Release */,
			);
			defaultConfigurationIsVisible = 0;
			defaultConfigurationName = Release;
		};
		034B680E1CF8185E00A4CD0A /* Build configuration list for PBXNativeTarget "alphaCamp" */ = {
			isa = XCConfigurationList;
			buildConfigurations = (
				034B680F1CF8185E00A4CD0A /* Debug */,
				034B68101CF8185E00A4CD0A /* Release */,
			);
			defaultConfigurationIsVisible = 0;
		};
/* End XCConfigurationList section */
	};
	rootObject = 034B67F41CF8185E00A4CD0A /* Project object */;
}
